{
  "name": "devops-center-local-config-files",
  "version": "0.1.1-3",
  "lockfileVersion": 2,
  "requires": true,
  "packages": {
    "": {
      "name": "devops-center-local-config-files",
      "version": "0.1.1-3",
      "license": "Unlicense",
      "dependencies": {
        "ncp": "^2.0.0"
      }
    },
    "node_modules/ncp": {
      "version": "2.0.0",
      "resolved": "https://registry.npmjs.org/ncp/-/ncp-2.0.0.tgz",
      "integrity": "sha512-zIdGUrPRFTUELUvr3Gmc7KZ2Sw/h1PiVM0Af/oHB6zgnV1ikqSfRk+TOufi79aHYCW3NiOXmr1BP5nWbzojLaA==",
      "bin": {
        "ncp": "bin/ncp"
      }
    }
  },
  "dependencies": {
    "ncp": {
      "version": "2.0.0",
      "resolved": "https://registry.npmjs.org/ncp/-/ncp-2.0.0.tgz",
      "integrity": "sha512-zIdGUrPRFTUELUvr3Gmc7KZ2Sw/h1PiVM0Af/oHB6zgnV1ikqSfRk+TOufi79aHYCW3NiOXmr1BP5nWbzojLaA=="
    }
  }
}
